Microsoft Visual Studio Solution File, Format Version 12.00
# Visual Studio Version 17
VisualStudioVersion = 17.5.2.0
MinimumVisualStudioVersion = 10.0.40219.1
Project("{FAE04EC0-301F-11D3-BF4B-00C04F79EFBC}") = "iniciacioncsharpCAM40", "iniciacioncsharpCAM40.csproj", "{20199761-CFF7-BFDC-C875-8E3739FE749A}"
EndProject
Global
	GlobalSection(SolutionConfigurationPlatforms) = preSolution
		Debug|Any CPU = Debug|Any CPU
		Release|Any CPU = Release|Any CPU
	EndGlobalSection
	GlobalSection(ProjectConfigurationPlatforms) = postSolution
		{20199761-CFF7-BFDC-C875-8E3739FE749A}.Debug|Any CPU.ActiveCfg = Debug|Any CPU
		{20199761-CFF7-BFDC-C875-8E3739FE749A}.Debug|Any CPU.Build.0 = Debug|Any CPU
		{20199761-CFF7-BFDC-C875-8E3739FE749A}.Release|Any CPU.ActiveCfg = Release|Any CPU
		{20199761-CFF7-BFDC-C875-8E3739FE749A}.Release|Any CPU.Build.0 = Release|Any CPU
	EndGlobalSection
	GlobalSection(SolutionProperties) = preSolution
		HideSolutionNode = FALSE
	EndGlobalSection
	GlobalSection(ExtensibilityGlobals) = postSolution
		SolutionGuid = {087B6154-A877-46C4-B71B-C74F743E17E1}
	EndGlobalSection
EndGlobal
